// !$*UTF8*$!
{
	archiveVersion = 1;
	classes = {
	};
	objectVersion = 51;
	objects = {

/* Begin PBXBuildFile section */
		2585F184A2A4D78F3ACCF3A2 /* Pods_LookAroundTests.framework in Frameworks */ = {isa = PBXBuildFile; fileRef = 95C80B13616B428D07CB029E /* Pods_LookAroundTests.framework */; };
		4C06F34522C0C48F00C40513 /* FoursquareManager.swift in Sources */ = {isa = PBXBuildFile; fileRef = 4C06F34422C0C48F00C40513 /* FoursquareManager.swift */; };
		4C06F34822C0C54400C40513 /* FoursquareManagerTests.swift in Sources */ = {isa = PBXBuildFile; fileRef = 4C06F34722C0C54400C40513 /* FoursquareManagerTests.swift */; };
		4C06F34A22C0C5F700C40513 /* searchVenuesStub.json in Resources */ = {isa = PBXBuildFile; fileRef = 4C06F34922C0C5F700C40513 /* searchVenuesStub.json */; };
		4C06F34C22C0C62200C40513 /* APIModel.swift in Sources */ = {isa = PBXBuildFile; fileRef = 4C06F34B22C0C62200C40513 /* APIModel.swift */; };
		4C06F34E22C0C65C00C40513 /* Location.swift in Sources */ = {isa = PBXBuildFile; fileRef = 4C06F34D22C0C65C00C40513 /* Location.swift */; };
		4C06F35022C0C66700C40513 /* Venue.swift in Sources */ = {isa = PBXBuildFile; fileRef = 4C06F34F22C0C66700C40513 /* Venue.swift */; };
		4C5B79C222C0B2D700E5562B /* AppDelegate.swift in Sources */ = {isa = PBXBuildFile; fileRef = 4C5B79C122C0B2D700E5562B /* AppDelegate.swift */; };
		4C5B79C722C0B2D700E5562B /* Main.storyboard in Resources */ = {isa = PBXBuildFile; fileRef = 4C5B79C522C0B2D700E5562B /* Main.storyboard */; };
		4C5B79C922C0B2D800E5562B /* Assets.xcassets in Resources */ = {isa = PBXBuildFile; fileRef = 4C5B79C822C0B2D800E5562B /* Assets.xcassets */; };
		4C5B79CC22C0B2D800E5562B /* LaunchScreen.storyboard in Resources */ = {isa = PBXBuildFile; fileRef = 4C5B79CA22C0B2D800E5562B /* LaunchScreen.storyboard */; };
		4E929452BF42B9CE4E34B838 /* Pods_LookAround.framework in Frameworks */ = {isa = PBXBuildFile; fileRef = 067281984B8A83B199E11535 /* Pods_LookAround.framework */; };
/* End PBXBuildFile section */

/* Begin PBXContainerItemProxy section */
		4C5B79D322C0B2D800E5562B /* PBXContainerItemProxy */ = {
			isa = PBXContainerItemProxy;
			containerPortal = 4C5B79B622C0B2D600E5562B /* Project object */;
			proxyType = 1;
			remoteGlobalIDString = 4C5B79BD22C0B2D600E5562B;
			remoteInfo = LookAround;
		};
/* End PBXContainerItemProxy section */

/* Begin PBXFileReference section */
		067281984B8A83B199E11535 /* Pods_LookAround.framework */ = {isa = PBXFileReference; explicitFileType = wrapper.framework; includeInIndex = 0; path = Pods_LookAround.framework; sourceTree = BUILT_PRODUCTS_DIR; };
		4C06F34422C0C48F00C40513 /* FoursquareManager.swift */ = {isa = PBXFileReference; lastKnownFileType = sourcecode.swift; path = FoursquareManager.swift; sourceTree = "<group>"; };
		4C06F34622C0C54400C40513 /* LookAroundTests-Bridging-Header.h */ = {isa = PBXFileReference; lastKnownFileType = sourcecode.c.h; path = "LookAroundTests-Bridging-Header.h"; sourceTree = "<group>"; };
		4C06F34722C0C54400C40513 /* FoursquareManagerTests.swift */ = {isa = PBXFileReference; lastKnownFileType = sourcecode.swift; path = FoursquareManagerTests.swift; sourceTree = "<group>"; };
		4C06F34922C0C5F700C40513 /* searchVenuesStub.json */ = {isa = PBXFileReference; fileEncoding = 4; lastKnownFileType = text.json; path = searchVenuesStub.json; sourceTree = SOURCE_ROOT; };
		4C06F34B22C0C62200C40513 /* APIModel.swift */ = {isa = PBXFileReference; lastKnownFileType = sourcecode.swift; path = APIModel.swift; sourceTree = "<group>"; };
		4C06F34D22C0C65C00C40513 /* Location.swift */ = {isa = PBXFileReference; lastKnownFileType = sourcecode.swift; path = Location.swift; sourceTree = "<group>"; };
		4C06F34F22C0C66700C40513 /* Venue.swift */ = {isa = PBXFileReference; lastKnownFileType = sourcecode.swift; path = Venue.swift; sourceTree = "<group>"; };
		4C5B79BE22C0B2D700E5562B /* LookAround.app */ = {isa = PBXFileReference; explicitFileType = wrapper.application; includeInIndex = 0; path = LookAround.app; sourceTree = BUILT_PRODUCTS_DIR; };
		4C5B79C122C0B2D700E5562B /* AppDelegate.swift */ = {isa = PBXFileReference; lastKnownFileType = sourcecode.swift; path = AppDelegate.swift; sourceTree = "<group>"; };
		4C5B79C622C0B2D700E5562B /* Base */ = {isa = PBXFileReference; lastKnownFileType = file.storyboard; name = Base; path = Base.lproj/Main.storyboard; sourceTree = "<group>"; };
		4C5B79C822C0B2D800E5562B /* Assets.xcassets */ = {isa = PBXFileReference; lastKnownFileType = folder.assetcatalog; path = Assets.xcassets; sourceTree = "<group>"; };
		4C5B79CB22C0B2D800E5562B /* Base */ = {isa = PBXFileReference; lastKnownFileType = file.storyboard; name = Base; path = Base.lproj/LaunchScreen.storyboard; sourceTree = "<group>"; };
		4C5B79CD22C0B2D800E5562B /* Info.plist */ = {isa = PBXFileReference; lastKnownFileType = text.plist.xml; path = Info.plist; sourceTree = "<group>"; };
		4C5B79D222C0B2D800E5562B /* LookAroundTests.xctest */ = {isa = PBXFileReference; explicitFileType = wrapper.cfbundle; includeInIndex = 0; path = LookAroundTests.xctest; sourceTree = BUILT_PRODUCTS_DIR; };
		4C5B79D822C0B2D800E5562B /* Info.plist */ = {isa = PBXFileReference; lastKnownFileType = text.plist.xml; path = Info.plist; sourceTree = "<group>"; };
		533EDFC677FF6905ADA62DCB /* Pods-LookAround.release.xcconfig */ = {isa = PBXFileReference; includeInIndex = 1; lastKnownFileType = text.xcconfig; name = "Pods-LookAround.release.xcconfig"; path = "Target Support Files/Pods-LookAround/Pods-LookAround.release.xcconfig"; sourceTree = "<group>"; };
		95C80B13616B428D07CB029E /* Pods_LookAroundTests.framework */ = {isa = PBXFileReference; explicitFileType = wrapper.framework; includeInIndex = 0; path = Pods_LookAroundTests.framework; sourceTree = BUILT_PRODUCTS_DIR; };
		A4BA77BC4810F2D5FA965DD6 /* Pods-LookAroundTests.debug.xcconfig */ = {isa = PBXFileReference; includeInIndex = 1; lastKnownFileType = text.xcconfig; name = "Pods-LookAroundTests.debug.xcconfig"; path = "Target Support Files/Pods-LookAroundTests/Pods-LookAroundTests.debug.xcconfig"; sourceTree = "<group>"; };
		A969FBBB7963C7ADAB1F26C3 /* Pods-LookAround.debug.xcconfig */ = {isa = PBXFileReference; includeInIndex = 1; lastKnownFileType = text.xcconfig; name = "Pods-LookAround.debug.xcconfig"; path = "Target Support Files/Pods-LookAround/Pods-LookAround.debug.xcconfig"; sourceTree = "<group>"; };
		ED06A3BEA9FFC66CD574B507 /* Pods-LookAroundTests.release.xcconfig */ = {isa = PBXFileReference; includeInIndex = 1; lastKnownFileType = text.xcconfig; name = "Pods-LookAroundTests.release.xcconfig"; path = "Target Support Files/Pods-LookAroundTests/Pods-LookAroundTests.release.xcconfig"; sourceTree = "<group>"; };
/* End PBXFileReference section */

/* Begin PBXFrameworksBuildPhase section */
		4C5B79BB22C0B2D600E5562B /* Frameworks */ = {
			isa = PBXFrameworksBuildPhase;
			buildActionMask = 2147483647;
			files = (
				4E929452BF42B9CE4E34B838 /* Pods_LookAround.framework in Frameworks */,
			);
			runOnlyForDeploymentPostprocessing = 0;
		};
		4C5B79CF22C0B2D800E5562B /* Frameworks */ = {
			isa = PBXFrameworksBuildPhase;
			buildActionMask = 2147483647;
			files = (
				2585F184A2A4D78F3ACCF3A2 /* Pods_LookAroundTests.framework in Frameworks */,
			);
			runOnlyForDeploymentPostprocessing = 0;
		};
/* End PBXFrameworksBuildPhase section */

/* Begin PBXGroup section */
		4C06F34122C0C44F00C40513 /* Models */ = {
			isa = PBXGroup;
			children = (
				4C06F34D22C0C65C00C40513 /* Location.swift */,
				4C06F34F22C0C66700C40513 /* Venue.swift */,
			);
			path = Models;
			sourceTree = "<group>";
		};
		4C06F34222C0C45600C40513 /* Scenes */ = {
			isa = PBXGroup;
			children = (
			);
			path = Scenes;
			sourceTree = "<group>";
		};
		4C06F34322C0C45B00C40513 /* Services */ = {
			isa = PBXGroup;
			children = (
				4C06F34422C0C48F00C40513 /* FoursquareManager.swift */,
				4C06F34B22C0C62200C40513 /* APIModel.swift */,
			);
			path = Services;
			sourceTree = "<group>";
		};
		4C5B79B522C0B2D600E5562B = {
			isa = PBXGroup;
			children = (
				4C5B79C022C0B2D700E5562B /* LookAround */,
				4C5B79D522C0B2D800E5562B /* LookAroundTests */,
				4C5B79BF22C0B2D700E5562B /* Products */,
				4D73BCD828A1101D4F440098 /* Pods */,
				C84DE6BF3672CEE854A987DA /* Frameworks */,
			);
			sourceTree = "<group>";
		};
		4C5B79BF22C0B2D700E5562B /* Products */ = {
			isa = PBXGroup;
			children = (
				4C5B79BE22C0B2D700E5562B /* LookAround.app */,
				4C5B79D222C0B2D800E5562B /* LookAroundTests.xctest */,
			);
			name = Products;
			sourceTree = "<group>";
		};
		4C5B79C022C0B2D700E5562B /* LookAround */ = {
			isa = PBXGroup;
			children = (
				4C06F34922C0C5F700C40513 /* searchVenuesStub.json */,
				4C5B79CD22C0B2D800E5562B /* Info.plist */,
				4C5B79C122C0B2D700E5562B /* AppDelegate.swift */,
				4C5B79C822C0B2D800E5562B /* Assets.xcassets */,
				4C5B79CA22C0B2D800E5562B /* LaunchScreen.storyboard */,
				4C5B79C522C0B2D700E5562B /* Main.storyboard */,
				4C06F34122C0C44F00C40513 /* Models */,
				4C06F34222C0C45600C40513 /* Scenes */,
				4C06F34322C0C45B00C40513 /* Services */,
			);
			path = LookAround;
			sourceTree = "<group>";
		};
		4C5B79D522C0B2D800E5562B /* LookAroundTests */ = {
			isa = PBXGroup;
			children = (
				4C5B79D822C0B2D800E5562B /* Info.plist */,
				4C06F34722C0C54400C40513 /* FoursquareManagerTests.swift */,
				4C06F34622C0C54400C40513 /* LookAroundTests-Bridging-Header.h */,
			);
			path = LookAroundTests;
			sourceTree = "<group>";
		};
		4D73BCD828A1101D4F440098 /* Pods */ = {
			isa = PBXGroup;
			children = (
				A969FBBB7963C7ADAB1F26C3 /* Pods-LookAround.debug.xcconfig */,
				533EDFC677FF6905ADA62DCB /* Pods-LookAround.release.xcconfig */,
				A4BA77BC4810F2D5FA965DD6 /* Pods-LookAroundTests.debug.xcconfig */,
				ED06A3BEA9FFC66CD574B507 /* Pods-LookAroundTests.release.xcconfig */,
			);
			path = Pods;
			sourceTree = "<group>";
		};
		C84DE6BF3672CEE854A987DA /* Frameworks */ = {
			isa = PBXGroup;
			children = (
				067281984B8A83B199E11535 /* Pods_LookAround.framework */,
				95C80B13616B428D07CB029E /* Pods_LookAroundTests.framework */,
			);
			name = Frameworks;
			sourceTree = "<group>";
		};
/* End PBXGroup section */

/* Begin PBXNativeTarget section */
		4C5B79BD22C0B2D600E5562B /* LookAround */ = {
			isa = PBXNativeTarget;
			buildConfigurationList = 4C5B79DB22C0B2D800E5562B /* Build configuration list for PBXNativeTarget "LookAround" */;
			buildPhases = (
				64FE685A031E7250E9C7FC38 /* [CP] Check Pods Manifest.lock */,
				4C5B79BA22C0B2D600E5562B /* Sources */,
				4C5B79BB22C0B2D600E5562B /* Frameworks */,
				4C5B79BC22C0B2D600E5562B /* Resources */,
				4112AF4AC6AE2EBFF13CA31A /* [CP] Embed Pods Frameworks */,
			);
			buildRules = (
			);
			dependencies = (
			);
			name = LookAround;
			productName = LookAround;
			productReference = 4C5B79BE22C0B2D700E5562B /* LookAround.app */;
			productType = "com.apple.product-type.application";
		};
		4C5B79D122C0B2D800E5562B /* LookAroundTests */ = {
			isa = PBXNativeTarget;
			buildConfigurationList = 4C5B79DE22C0B2D800E5562B /* Build configuration list for PBXNativeTarget "LookAroundTests" */;
			buildPhases = (
				F7DBE9468B3533A1E09AA415 /* [CP] Check Pods Manifest.lock */,
				4C5B79CE22C0B2D800E5562B /* Sources */,
				4C5B79CF22C0B2D800E5562B /* Frameworks */,
				4C5B79D022C0B2D800E5562B /* Resources */,
			);
			buildRules = (
			);
			dependencies = (
				4C5B79D422C0B2D800E5562B /* PBXTargetDependency */,
			);
			name = LookAroundTests;
			productName = LookAroundTests;
			productReference = 4C5B79D222C0B2D800E5562B /* LookAroundTests.xctest */;
			productType = "com.apple.product-type.bundle.unit-test";
		};
/* End PBXNativeTarget section */

/* Begin PBXProject section */
		4C5B79B622C0B2D600E5562B /* Project object */ = {
			isa = PBXProject;
			attributes = {
				LastSwiftUpdateCheck = 1020;
				LastUpgradeCheck = 1020;
				ORGANIZATIONNAME = "Alessio Roberto";
				TargetAttributes = {
					4C5B79BD22C0B2D600E5562B = {
						CreatedOnToolsVersion = 10.2.1;
					};
					4C5B79D122C0B2D800E5562B = {
						CreatedOnToolsVersion = 10.2.1;
						LastSwiftMigration = 1020;
						TestTargetID = 4C5B79BD22C0B2D600E5562B;
					};
				};
			};
			buildConfigurationList = 4C5B79B922C0B2D600E5562B /* Build configuration list for PBXProject "LookAround" */;
			compatibilityVersion = "Xcode 9.3";
			developmentRegion = en;
			hasScannedForEncodings = 0;
			knownRegions = (
				en,
				Base,
			);
			mainGroup = 4C5B79B522C0B2D600E5562B;
			productRefGroup = 4C5B79BF22C0B2D700E5562B /* Products */;
			projectDirPath = "";
			projectRoot = "";
			targets = (
				4C5B79BD22C0B2D600E5562B /* LookAround */,
				4C5B79D122C0B2D800E5562B /* LookAroundTests */,
			);
		};
/* End PBXProject section */

/* Begin PBXResourcesBuildPhase section */
		4C5B79BC22C0B2D600E5562B /* Resources */ = {
			isa = PBXResourcesBuildPhase;
			buildActionMask = 2147483647;
			files = (
				4C5B79CC22C0B2D800E5562B /* LaunchScreen.storyboard in Resources */,
				4C5B79C922C0B2D800E5562B /* Assets.xcassets in Resources */,
				4C5B79C722C0B2D700E5562B /* Main.storyboard in Resources */,
				4C06F34A22C0C5F700C40513 /* searchVenuesStub.json in Resources */,
			);
			runOnlyForDeploymentPostprocessing = 0;
		};
		4C5B79D022C0B2D800E5562B /* Resources */ = {
			isa = PBXResourcesBuildPhase;
			buildActionMask = 2147483647;
			files = (
			);
			runOnlyForDeploymentPostprocessing = 0;
		};
/* End PBXResourcesBuildPhase section */

/* Begin PBXShellScriptBuildPhase section */
		4112AF4AC6AE2EBFF13CA31A /* [CP] Embed Pods Frameworks */ = {
			isa = PBXShellScriptBuildPhase;
			buildActionMask = 2147483647;
			files = (
			);
			inputFileListPaths = (
				"${PODS_ROOT}/Target Support Files/Pods-LookAround/Pods-LookAround-frameworks-${CONFIGURATION}-input-files.xcfilelist",
			);
			name = "[CP] Embed Pods Frameworks";
			outputFileListPaths = (
				"${PODS_ROOT}/Target Support Files/Pods-LookAround/Pods-LookAround-frameworks-${CONFIGURATION}-output-files.xcfilelist",
			);
			runOnlyForDeploymentPostprocessing = 0;
			shellPath = /bin/sh;
			shellScript = "\"${PODS_ROOT}/Target Support Files/Pods-LookAround/Pods-LookAround-frameworks.sh\"\n";
			showEnvVarsInLog = 0;
		};
		64FE685A031E7250E9C7FC38 /* [CP] Check Pods Manifest.lock */ = {
			isa = PBXShellScriptBuildPhase;
			buildActionMask = 2147483647;
			files = (
			);
			inputFileListPaths = (
			);
			inputPaths = (
				"${PODS_PODFILE_DIR_PATH}/Podfile.lock",
				"${PODS_ROOT}/Manifest.lock",
			);
			name = "[CP] Check Pods Manifest.lock";
			outputFileListPaths = (
			);
			outputPaths = (
				"$(DERIVED_FILE_DIR)/Pods-LookAround-checkManifestLockResult.txt",
			);
			runOnlyForDeploymentPostprocessing = 0;
			shellPath = /bin/sh;
			shellScript = "diff \"${PODS_PODFILE_DIR_PATH}/Podfile.lock\" \"${PODS_ROOT}/Manifest.lock\" > /dev/null\nif [ $? != 0 ] ; then\n    # print error to STDERR\n    echo \"error: The sandbox is not in sync with the Podfile.lock. Run 'pod install' or update your CocoaPods installation.\" >&2\n    exit 1\nfi\n# This output is used by Xcode 'outputs' to avoid re-running this script phase.\necho \"SUCCESS\" > \"${SCRIPT_OUTPUT_FILE_0}\"\n";
			showEnvVarsInLog = 0;
		};
		F7DBE9468B3533A1E09AA415 /* [CP] Check Pods Manifest.lock */ = {
			isa = PBXShellScriptBuildPhase;
			buildActionMask = 2147483647;
			files = (
			);
			inputFileListPaths = (
			);
			inputPaths = (
				"${PODS_PODFILE_DIR_PATH}/Podfile.lock",
				"${PODS_ROOT}/Manifest.lock",
			);
			name = "[CP] Check Pods Manifest.lock";
			outputFileListPaths = (
			);
			outputPaths = (
				"$(DERIVED_FILE_DIR)/Pods-LookAroundTests-checkManifestLockResult.txt",
			);
			runOnlyForDeploymentPostprocessing = 0;
			shellPath = /bin/sh;
			shellScript = "diff \"${PODS_PODFILE_DIR_PATH}/Podfile.lock\" \"${PODS_ROOT}/Manifest.lock\" > /dev/null\nif [ $? != 0 ] ; then\n    # print error to STDERR\n    echo \"error: The sandbox is not in sync with the Podfile.lock. Run 'pod install' or update your CocoaPods installation.\" >&2\n    exit 1\nfi\n# This output is used by Xcode 'outputs' to avoid re-running this script phase.\necho \"SUCCESS\" > \"${SCRIPT_OUTPUT_FILE_0}\"\n";
			showEnvVarsInLog = 0;
		};
/* End PBXShellScriptBuildPhase section */

/* Begin PBXSourcesBuildPhase section */
		4C5B79BA22C0B2D600E5562B /* Sources */ = {
			isa = PBXSourcesBuildPhase;
			buildActionMask = 2147483647;
			files = (
				4C06F34522C0C48F00C40513 /* FoursquareManager.swift in Sources */,
				4C06F35022C0C66700C40513 /* Venue.swift in Sources */,
				4C06F34C22C0C62200C40513 /* APIModel.swift in Sources */,
				4C06F34E22C0C65C00C40513 /* Location.swift in Sources */,
				4C5B79C222C0B2D700E5562B /* AppDelegate.swift in Sources */,
			);
			runOnlyForDeploymentPostprocessing = 0;
		};
		4C5B79CE22C0B2D800E5562B /* Sources */ = {
			isa = PBXSourcesBuildPhase;
			buildActionMask = 2147483647;
			files = (
				4C06F34822C0C54400C40513 /* FoursquareManagerTests.swift in Sources */,
			);
			runOnlyForDeploymentPostprocessing = 0;
		};
/* End PBXSourcesBuildPhase section */

/* Begin PBXTargetDependency section */
		4C5B79D422C0B2D800E5562B /* PBXTargetDependency */ = {
			isa = PBXTargetDependency;
			target = 4C5B79BD22C0B2D600E5562B /* LookAround */;
			targetProxy = 4C5B79D322C0B2D800E5562B /* PBXContainerItemProxy */;
		};
/* End PBXTargetDependency section */

/* Begin PBXVariantGroup section */
		4C5B79C522C0B2D700E5562B /* Main.storyboard */ = {
			isa = PBXVariantGroup;
			children = (
				4C5B79C622C0B2D700E5562B /* Base */,
			);
			name = Main.storyboard;
			sourceTree = "<group>";
		};
		4C5B79CA22C0B2D800E5562B /* LaunchScreen.storyboard */ = {
			isa = PBXVariantGroup;
			children = (
				4C5B79CB22C0B2D800E5562B /* Base */,
			);
			name = LaunchScreen.storyboard;
			sourceTree = "<group>";
		};
/* End PBXVariantGroup section */

/* Begin XCBuildConfiguration section */
		4C5B79D922C0B2D800E5562B /* Debug */ = {
			isa = XCBuildConfiguration;
			buildSettings = {
				ALWAYS_SEARCH_USER_PATHS = NO;
				CLANG_ANALYZER_NONNULL = YES;
				CLANG_ANALYZER_NUMBER_OBJECT_CONVERSION = YES_AGGRESSIVE;
				CLANG_CXX_LANGUAGE_STANDARD = "gnu++14";
				CLANG_CXX_LIBRARY = "libc++";
				CLANG_ENABLE_MODULES = YES;
				CLANG_ENABLE_OBJC_ARC = YES;
				CLANG_ENABLE_OBJC_WEAK = YES;
				CLANG_WARN_BLOCK_CAPTURE_AUTORELEASING = YES;
				CLANG_WARN_BOOL_CONVERSION = YES;
				CLANG_WARN_COMMA = YES;
				CLANG_WARN_CONSTANT_CONVERSION = YES;
				CLANG_WARN_DEPRECATED_OBJC_IMPLEMENTATIONS = YES;
				CLANG_WARN_DIRECT_OBJC_ISA_USAGE = YES_ERROR;
				CLANG_WARN_DOCUMENTATION_COMMENTS = YES;
				CLANG_WARN_EMPTY_BODY = YES;
				CLANG_WARN_ENUM_CONVERSION = YES;
				CLANG_WARN_INFINITE_RECURSION = YES;
				CLANG_WARN_INT_CONVERSION = YES;
				CLANG_WARN_NON_LITERAL_NULL_CONVERSION = YES;
				CLANG_WARN_OBJC_IMPLICIT_RETAIN_SELF = YES;
				CLANG_WARN_OBJC_LITERAL_CONVERSION = YES;
				CLANG_WARN_OBJC_ROOT_CLASS = YES_ERROR;
				CLANG_WARN_RANGE_LOOP_ANALYSIS = YES;
				CLANG_WARN_STRICT_PROTOTYPES = YES;
				CLANG_WARN_SUSPICIOUS_MOVE = YES;
				CLANG_WARN_UNGUARDED_AVAILABILITY = YES_AGGRESSIVE;
				CLANG_WARN_UNREACHABLE_CODE = YES;
				CLANG_WARN__DUPLICATE_METHOD_MATCH = YES;
				CODE_SIGN_IDENTITY = "iPhone Developer";
				COPY_PHASE_STRIP = NO;
				DEBUG_INFORMATION_FORMAT = dwarf;
				ENABLE_STRICT_OBJC_MSGSEND = YES;
				ENABLE_TESTABILITY = YES;
				GCC_C_LANGUAGE_STANDARD = gnu11;
				GCC_DYNAMIC_NO_PIC = NO;
				GCC_NO_COMMON_BLOCKS = YES;
				GCC_OPTIMIZATION_LEVEL = 0;
				GCC_PREPROCESSOR_DEFINITIONS = (
					"DEBUG=1",
					"$(inherited)",
				);
				GCC_WARN_64_TO_32_BIT_CONVERSION = YES;
				GCC_WARN_ABOUT_RETURN_TYPE = YES_ERROR;
				GCC_WARN_UNDECLARED_SELECTOR = YES;
				GCC_WARN_UNINITIALIZED_AUTOS = YES_AGGRESSIVE;
				GCC_WARN_UNUSED_FUNCTION = YES;
				GCC_WARN_UNUSED_VARIABLE = YES;
				IPHONEOS_DEPLOYMENT_TARGET = 11.0;
				MTL_ENABLE_DEBUG_INFO = INCLUDE_SOURCE;
				MTL_FAST_MATH = YES;
				ONLY_ACTIVE_ARCH = YES;
				SDKROOT = iphoneos;
				SWIFT_ACTIVE_COMPILATION_CONDITIONS = DEBUG;
				SWIFT_OPTIMIZATION_LEVEL = "-Onone";
			};
			name = Debug;
		};
		4C5B79DA22C0B2D800E5562B /* Release */ = {
			isa = XCBuildConfiguration;
			buildSettings = {
				ALWAYS_SEARCH_USER_PATHS = NO;
				CLANG_ANALYZER_NONNULL = YES;
				CLANG_ANALYZER_NUMBER_OBJECT_CONVERSION = YES_AGGRESSIVE;
				CLANG_CXX_LANGUAGE_STANDARD = "gnu++14";
				CLANG_CXX_LIBRARY = "libc++";
				CLANG_ENABLE_MODULES = YES;
				CLANG_ENABLE_OBJC_ARC = YES;
				CLANG_ENABLE_OBJC_WEAK = YES;
				CLANG_WARN_BLOCK_CAPTURE_AUTORELEASING = YES;
				CLANG_WARN_BOOL_CONVERSION = YES;
				CLANG_WARN_COMMA = YES;
				CLANG_WARN_CONSTANT_CONVERSION = YES;
				CLANG_WARN_DEPRECATED_OBJC_IMPLEMENTATIONS = YES;
				CLANG_WARN_DIRECT_OBJC_ISA_USAGE = YES_ERROR;
				CLANG_WARN_DOCUMENTATION_COMMENTS = YES;
				CLANG_WARN_EMPTY_BODY = YES;
				CLANG_WARN_ENUM_CONVERSION = YES;
				CLANG_WARN_INFINITE_RECURSION = YES;
				CLANG_WARN_INT_CONVERSION = YES;
				CLANG_WARN_NON_LITERAL_NULL_CONVERSION = YES;
				CLANG_WARN_OBJC_IMPLICIT_RETAIN_SELF = YES;
				CLANG_WARN_OBJC_LITERAL_CONVERSION = YES;
				CLANG_WARN_OBJC_ROOT_CLASS = YES_ERROR;
				CLANG_WARN_RANGE_LOOP_ANALYSIS = YES;
				CLANG_WARN_STRICT_PROTOTYPES = YES;
				CLANG_WARN_SUSPICIOUS_MOVE = YES;
				CLANG_WARN_UNGUARDED_AVAILABILITY = YES_AGGRESSIVE;
				CLANG_WARN_UNREACHABLE_CODE = YES;
				CLANG_WARN__DUPLICATE_METHOD_MATCH = YES;
				CODE_SIGN_IDENTITY = "iPhone Developer";
				COPY_PHASE_STRIP = NO;
				DEBUG_INFORMATION_FORMAT = "dwarf-with-dsym";
				ENABLE_NS_ASSERTIONS = NO;
				ENABLE_STRICT_OBJC_MSGSEND = YES;
				GCC_C_LANGUAGE_STANDARD = gnu11;
				GCC_NO_COMMON_BLOCKS = YES;
				GCC_WARN_64_TO_32_BIT_CONVERSION = YES;
				GCC_WARN_ABOUT_RETURN_TYPE = YES_ERROR;
				GCC_WARN_UNDECLARED_SELECTOR = YES;
				GCC_WARN_UNINITIALIZED_AUTOS = YES_AGGRESSIVE;
				GCC_WARN_UNUSED_FUNCTION = YES;
				GCC_WARN_UNUSED_VARIABLE = YES;
				IPHONEOS_DEPLOYMENT_TARGET = 11.0;
				MTL_ENABLE_DEBUG_INFO = NO;
				MTL_FAST_MATH = YES;
				SDKROOT = iphoneos;
				SWIFT_COMPILATION_MODE = wholemodule;
				SWIFT_OPTIMIZATION_LEVEL = "-O";
				VALIDATE_PRODUCT = YES;
			};
			name = Release;
		};
		4C5B79DC22C0B2D800E5562B /* Debug */ = {
			isa = XCBuildConfiguration;
			baseConfigurationReference = A969FBBB7963C7ADAB1F26C3 /* Pods-LookAround.debug.xcconfig */;
			buildSettings = {
				ASSETCATALOG_COMPILER_APPICON_NAME = AppIcon;
				CODE_SIGN_STYLE = Automatic;
				DEVELOPMENT_TEAM = GK5S624D99;
				INFOPLIST_FILE = LookAround/Info.plist;
				LD_RUNPATH_SEARCH_PATHS = (
					"$(inherited)",
					"@executable_path/Frameworks",
				);
				PRODUCT_BUNDLE_IDENTIFIER = com.alessioroberto.LookAround;
				PRODUCT_NAME = "$(TARGET_NAME)";
				SWIFT_VERSION = 5.0;
				TARGETED_DEVICE_FAMILY = "1,2";
			};
			name = Debug;
		};
		4C5B79DD22C0B2D800E5562B /* Release */ = {
			isa = XCBuildConfiguration;
			baseConfigurationReference = 533EDFC677FF6905ADA62DCB /* Pods-LookAround.release.xcconfig */;
			buildSettings = {
				ASSETCATALOG_COMPILER_APPICON_NAME = AppIcon;
				CODE_SIGN_STYLE = Automatic;
				DEVELOPMENT_TEAM = GK5S624D99;
				INFOPLIST_FILE = LookAround/Info.plist;
				LD_RUNPATH_SEARCH_PATHS = (
					"$(inherited)",
					"@executable_path/Frameworks",
				);
				PRODUCT_BUNDLE_IDENTIFIER = com.alessioroberto.LookAround;
				PRODUCT_NAME = "$(TARGET_NAME)";
				SWIFT_VERSION = 5.0;
				TARGETED_DEVICE_FAMILY = "1,2";
			};
			name = Release;
		};
		4C5B79DF22C0B2D800E5562B /* Debug */ = {
			isa = XCBuildConfiguration;
			baseConfigurationReference = A4BA77BC4810F2D5FA965DD6 /* Pods-LookAroundTests.debug.xcconfig */;
			buildSettings = {
				ALWAYS_EMBED_SWIFT_STANDARD_LIBRARIES = YES;
				BUNDLE_LOADER = "$(TEST_HOST)";
				CLANG_ENABLE_MODULES = YES;
				CODE_SIGN_STYLE = Automatic;
				DEVELOPMENT_TEAM = GK5S624D99;
				INFOPLIST_FILE = LookAroundTests/Info.plist;
				LD_RUNPATH_SEARCH_PATHS = (
					"$(inherited)",
					"@executable_path/Frameworks",
					"@loader_path/Frameworks",
				);
				PRODUCT_BUNDLE_IDENTIFIER = com.alessioroberto.LookAroundTests;
				PRODUCT_NAME = "$(TARGET_NAME)";
				SWIFT_OBJC_BRIDGING_HEADER = "LookAroundTests/LookAroundTests-Bridging-Header.h";
				SWIFT_OPTIMIZATION_LEVEL = "-Onone";
				SWIFT_VERSION = 5.0;
				TARGETED_DEVICE_FAMILY = "1,2";
				TEST_HOST = "$(BUILT_PRODUCTS_DIR)/LookAround.app/LookAround";
			};
			name = Debug;
		};
		4C5B79E022C0B2D800E5562B /* Release */ = {
			isa = XCBuildConfiguration;
			baseConfigurationReference = ED06A3BEA9FFC66CD574B507 /* Pods-LookAroundTests.release.xcconfig */;
			buildSettings = {
				ALWAYS_EMBED_SWIFT_STANDARD_LIBRARIES = YES;
				BUNDLE_LOADER = "$(TEST_HOST)";
				CLANG_ENABLE_MODULES = YES;
				CODE_SIGN_STYLE = Automatic;
				DEVELOPMENT_TEAM = GK5S624D99;
				INFOPLIST_FILE = LookAroundTests/Info.plist;
				LD_RUNPATH_SEARCH_PATHS = (
					"$(inherited)",
					"@executable_path/Frameworks",
					"@loader_path/Frameworks",
				);
				PRODUCT_BUNDLE_IDENTIFIER = com.alessioroberto.LookAroundTests;
				PRODUCT_NAME = "$(TARGET_NAME)";
				SWIFT_OBJC_BRIDGING_HEADER = "LookAroundTests/LookAroundTests-Bridging-Header.h";
				SWIFT_VERSION = 5.0;
				TARGETED_DEVICE_FAMILY = "1,2";
				TEST_HOST = "$(BUILT_PRODUCTS_DIR)/LookAround.app/LookAround";
			};
			name = Release;
		};
/* End XCBuildConfiguration section */

/* Begin XCConfigurationList section */
		4C5B79B922C0B2D600E5562B /* Build configuration list for PBXProject "LookAround" */ = {
			isa = XCConfigurationList;
			buildConfigurations = (
				4C5B79D922C0B2D800E5562B /* Debug */,
				4C5B79DA22C0B2D800E5562B /* Release */,
			);
			defaultConfigurationIsVisible = 0;
			defaultConfigurationName = Release;
		};
		4C5B79DB22C0B2D800E5562B /* Build configuration list for PBXNativeTarget "LookAround" */ = {
			isa = XCConfigurationList;
			buildConfigurations = (
				4C5B79DC22C0B2D800E5562B /* Debug */,
				4C5B79DD22C0B2D800E5562B /* Release */,
			);
			defaultConfigurationIsVisible = 0;
			defaultConfigurationName = Release;
		};
		4C5B79DE22C0B2D800E5562B /* Build configuration list for PBXNativeTarget "LookAroundTests" */ = {
			isa = XCConfigurationList;
			buildConfigurations = (
				4C5B79DF22C0B2D800E5562B /* Debug */,
				4C5B79E022C0B2D800E5562B /* Release */,
			);
			defaultConfigurationIsVisible = 0;
			defaultConfigurationName = Release;
		};
/* End XCConfigurationList section */
	};
	rootObject = 4C5B79B622C0B2D600E5562B /* Project object */;
}
